
Microsoft Visual Studio Solution File, Format Version 12.00
# Visual Studio Version 16
VisualStudioVersion = 16.0.30711.63
MinimumVisualStudioVersion = 10.0.40219.1
Project("{FAE04EC0-301F-11D3-BF4B-00C04F79EFBC}") = "Opdracht-1", "Opdracht-1\Opdracht-1.csproj", "{9E4A0B0D-5748-4C8E-B7FF-599F7298EA20}"
EndProject
Global
	GlobalSection(SolutionConfigurationPlatforms) = preSolution
		Debug|Any CPU = Debug|Any CPU
		Release|Any CPU = Release|Any CPU
	EndGlobalSection
	GlobalSection(ProjectConfigurationPlatforms) = postSolution
		{9E4A0B0D-5748-4C8E-B7FF-599F7298EA20}.Debug|Any CPU.ActiveCfg = Debug|Any CPU
		{9E4A0B0D-5748-4C8E-B7FF-599F7298EA20}.Debug|Any CPU.Build.0 = Debug|Any CPU
		{9E4A0B0D-5748-4C8E-B7FF-599F7298EA20}.Release|Any CPU.ActiveCfg = Release|Any CPU
		{9E4A0B0D-5748-4C8E-B7FF-599F7298EA20}.Release|Any CPU.Build.0 = Release|Any CPU
	EndGlobalSection
	GlobalSection(SolutionProperties) = preSolution
		HideSolutionNode = FALSE
	EndGlobalSection
	GlobalSection(ExtensibilityGlobals) = postSolution
		SolutionGuid = {BCB2E53E-EB83-4B49-B78C-DF01391DA47E}
	EndGlobalSection
EndGlobal
